
Microsoft Visual Studio Solution File, Format Version 12.00
# Visual Studio 2012
Project("{FAE04EC0-301F-11D3-BF4B-00C04F79EFBC}") = "Random_Baby", "Random_Baby\Random_Baby.csproj", "{CE6F7D17-4784-49B8-8CC1-117683108ADB}"
EndProject
Global
	GlobalSection(SolutionConfigurationPlatforms) = preSolution
		Debug|Any CPU = Debug|Any CPU
		Release|Any CPU = Release|Any CPU
	EndGlobalSection
	GlobalSection(ProjectConfigurationPlatforms) = postSolution
		{CE6F7D17-4784-49B8-8CC1-117683108ADB}.Debug|Any CPU.ActiveCfg = Debug|Any CPU
		{CE6F7D17-4784-49B8-8CC1-117683108ADB}.Debug|Any CPU.Build.0 = Debug|Any CPU
		{CE6F7D17-4784-49B8-8CC1-117683108ADB}.Release|Any CPU.ActiveCfg = Release|Any CPU
		{CE6F7D17-4784-49B8-8CC1-117683108ADB}.Release|Any CPU.Build.0 = Release|Any CPU
	EndGlobalSection
	GlobalSection(SolutionProperties) = preSolution
		HideSolutionNode = FALSE
	EndGlobalSection
EndGlobal
